
Microsoft Visual Studio Solution File, Format Version 12.00
# Visual Studio Version 17
VisualStudioVersion = 17.7.34024.191
MinimumVisualStudioVersion = 10.0.40219.1
Project("{FAE04EC0-301F-11D3-BF4B-00C04F79EFBC}") = "Practica4", "Practica4\Practica4.csproj", "{292035C6-1249-4F19-99E7-11BBEDC3F7DD}"
EndProject
Global
	GlobalSection(SolutionConfigurationPlatforms) = preSolution
		Debug|Any CPU = Debug|Any CPU
		Release|Any CPU = Release|Any CPU
	EndGlobalSection
	GlobalSection(ProjectConfigurationPlatforms) = postSolution
		{292035C6-1249-4F19-99E7-11BBEDC3F7DD}.Debug|Any CPU.ActiveCfg = Debug|Any CPU
		{292035C6-1249-4F19-99E7-11BBEDC3F7DD}.Debug|Any CPU.Build.0 = Debug|Any CPU
		{292035C6-1249-4F19-99E7-11BBEDC3F7DD}.Release|Any CPU.ActiveCfg = Release|Any CPU
		{292035C6-1249-4F19-99E7-11BBEDC3F7DD}.Release|Any CPU.Build.0 = Release|Any CPU
	EndGlobalSection
	GlobalSection(SolutionProperties) = preSolution
		HideSolutionNode = FALSE
	EndGlobalSection
	GlobalSection(ExtensibilityGlobals) = postSolution
		SolutionGuid = {74DB0009-CD57-4D2A-9513-6979FF2DDD82}
	EndGlobalSection
EndGlobal
