
Microsoft Visual Studio Solution File, Format Version 12.00
# Visual Studio Version 17
VisualStudioVersion = 17.7.34024.191
MinimumVisualStudioVersion = 10.0.40219.1
Project("{FAE04EC0-301F-11D3-BF4B-00C04F79EFBC}") = "Proyecto1", "Proyecto1\Proyecto1.csproj", "{626B6C00-98A8-49E3-867C-E76CD98F40B7}"
EndProject
Global
	GlobalSection(SolutionConfigurationPlatforms) = preSolution
		Debug|Any CPU = Debug|Any CPU
		Release|Any CPU = Release|Any CPU
	EndGlobalSection
	GlobalSection(ProjectConfigurationPlatforms) = postSolution
		{626B6C00-98A8-49E3-867C-E76CD98F40B7}.Debug|Any CPU.ActiveCfg = Debug|Any CPU
		{626B6C00-98A8-49E3-867C-E76CD98F40B7}.Debug|Any CPU.Build.0 = Debug|Any CPU
		{626B6C00-98A8-49E3-867C-E76CD98F40B7}.Release|Any CPU.ActiveCfg = Release|Any CPU
		{626B6C00-98A8-49E3-867C-E76CD98F40B7}.Release|Any CPU.Build.0 = Release|Any CPU
	EndGlobalSection
	GlobalSection(SolutionProperties) = preSolution
		HideSolutionNode = FALSE
	EndGlobalSection
	GlobalSection(ExtensibilityGlobals) = postSolution
		SolutionGuid = {1DF536E2-CB1E-4F6E-8BD1-3BB40FE066C6}
	EndGlobalSection
EndGlobal
